
Microsoft Visual Studio Solution File, Format Version 12.00
# Visual Studio Version 17
VisualStudioVersion = 17.3.32819.101
MinimumVisualStudioVersion = 10.0.40219.1
Project("{FAE04EC0-301F-11D3-BF4B-00C04F79EFBC}") = "CandidateTesting.FernandoMarques", "CandidateTesting.FernandoMarques\CandidateTesting.FernandoMarques.csproj", "{1A60326C-5AE4-49ED-91DA-E74E84A62479}"
EndProject
Project("{FAE04EC0-301F-11D3-BF4B-00C04F79EFBC}") = "CandidateTesting.FernandoMarques.Test", "CandidateTesting.FernandoMarques.Test\CandidateTesting.FernandoMarques.Test.csproj", "{76E815A1-2769-4F9F-A453-6DB6F6815F1F}"
EndProject
Global
	GlobalSection(SolutionConfigurationPlatforms) = preSolution
		Debug|Any CPU = Debug|Any CPU
		Release|Any CPU = Release|Any CPU
	EndGlobalSection
	GlobalSection(ProjectConfigurationPlatforms) = postSolution
		{1A60326C-5AE4-49ED-91DA-E74E84A62479}.Debug|Any CPU.ActiveCfg = Debug|Any CPU
		{1A60326C-5AE4-49ED-91DA-E74E84A62479}.Debug|Any CPU.Build.0 = Debug|Any CPU
		{1A60326C-5AE4-49ED-91DA-E74E84A62479}.Release|Any CPU.ActiveCfg = Release|Any CPU
		{1A60326C-5AE4-49ED-91DA-E74E84A62479}.Release|Any CPU.Build.0 = Release|Any CPU
		{76E815A1-2769-4F9F-A453-6DB6F6815F1F}.Debug|Any CPU.ActiveCfg = Debug|Any CPU
		{76E815A1-2769-4F9F-A453-6DB6F6815F1F}.Debug|Any CPU.Build.0 = Debug|Any CPU
		{76E815A1-2769-4F9F-A453-6DB6F6815F1F}.Release|Any CPU.ActiveCfg = Release|Any CPU
		{76E815A1-2769-4F9F-A453-6DB6F6815F1F}.Release|Any CPU.Build.0 = Release|Any CPU
	EndGlobalSection
	GlobalSection(SolutionProperties) = preSolution
		HideSolutionNode = FALSE
	EndGlobalSection
	GlobalSection(ExtensibilityGlobals) = postSolution
		SolutionGuid = {8FB56CC2-3A09-44E2-BE00-5DD8257F4054}
	EndGlobalSection
EndGlobal
